
Microsoft Visual Studio Solution File, Format Version 12.00
# Visual Studio Version 16
VisualStudioVersion = 16.0.30503.244
MinimumVisualStudioVersion = 10.0.40219.1
Project("{FAE04EC0-301F-11D3-BF4B-00C04F79EFBC}") = "OOP_LAB_1_WinForms", "OOP_LAB_1_WinForms\OOP_LAB_1_WinForms.csproj", "{EC19B4F2-694C-43C0-9202-0F23DC634315}"
EndProject
Global
	GlobalSection(SolutionConfigurationPlatforms) = preSolution
		Debug|Any CPU = Debug|Any CPU
		Release|Any CPU = Release|Any CPU
	EndGlobalSection
	GlobalSection(ProjectConfigurationPlatforms) = postSolution
		{EC19B4F2-694C-43C0-9202-0F23DC634315}.Debug|Any CPU.ActiveCfg = Debug|Any CPU
		{EC19B4F2-694C-43C0-9202-0F23DC634315}.Debug|Any CPU.Build.0 = Debug|Any CPU
		{EC19B4F2-694C-43C0-9202-0F23DC634315}.Release|Any CPU.ActiveCfg = Release|Any CPU
		{EC19B4F2-694C-43C0-9202-0F23DC634315}.Release|Any CPU.Build.0 = Release|Any CPU
	EndGlobalSection
	GlobalSection(SolutionProperties) = preSolution
		HideSolutionNode = FALSE
	EndGlobalSection
	GlobalSection(ExtensibilityGlobals) = postSolution
		SolutionGuid = {D7EF3238-E86C-424A-B8D8-2035B1A2E631}
	EndGlobalSection
EndGlobal
